# This file is autogenerated, do not edit; changes may be undone by the next 'dep ensure'.


[[projects]]
  branch = "master"
  name = "github.com/google/go-querystring"
  packages = ["query"]
  revision = "53e6ce116135b80d037921a7fdd5138cf32d7a8a"

[[projects]]
  name = "github.com/gorilla/context"
  packages = ["."]
  revision = "1ea25387ff6f684839d82767c1733ff4d4d15d0a"
  version = "v1.1"

[[projects]]
  name = "github.com/gorilla/handlers"
  packages = ["."]
  revision = "a4043c62cc2329bacda331d33fc908ab11ef0ec3"
  version = "v1.2.1"

[[projects]]
  name = "github.com/gorilla/mux"
  packages = ["."]
  revision = "bcd8bc72b08df0f70df986b97f95590779502d31"
  version = "v1.4.0"

[[projects]]
  name = "github.com/nlopes/slack"
  packages = ["."]
  revision = "c86337c0ef2486a15edd804355d9c73d2f2caed1"
  version = "v0.1.0"

[[projects]]
  name = "github.com/rs/cors"
  packages = ["."]
  revision = "8dd4211afb5d08dbb39a533b9bb9e4b486351df6"
  version = "v1.1"

[[projects]]
  name = "github.com/xanzy/go-gitlab"
  packages = ["."]
  revision = "5b756e2fdc9f21fd4791fa1453b8fe01af0f82e2"
  version = "v0.5.1"

[[projects]]
  branch = "master"
  name = "golang.org/x/net"
  packages = ["websocket"]
  revision = "054b33e6527139ad5b1ec2f6232c3b175bd9a30c"

[solve-meta]
  analyzer-name = "dep"
  analyzer-version = 1
  inputs-digest = "49a2786b30ff5402d3ea19c85ed557bddf266fabc5b50fcb4f6c85fbffb08f19"
  solver-name = "gps-cdcl"
  solver-version = 1
